
Microsoft Visual Studio Solution File, Format Version 12.00
# Visual Studio Version 17
VisualStudioVersion = 17.0.31903.59
MinimumVisualStudioVersion = 10.0.40219.1
Project("{2150E333-8FDC-42A3-9474-1A3956D46DE8}") = "src", "src", "{D55B6FCD-89EA-4CCC-BD4D-88287F6092F0}"
EndProject
Project("{FAE04EC0-301F-11D3-BF4B-00C04F79EFBC}") = "UZUSIS.API", "src\UZUSIS.API\UZUSIS.API.csproj", "{30799725-2A64-4F03-9D55-3D6E98AE80F5}"
EndProject
Project("{FAE04EC0-301F-11D3-BF4B-00C04F79EFBC}") = "UZUSIS.Application", "src\UZUSIS.Application\UZUSIS.Application.csproj", "{2249A1EC-C61B-47DF-BEE9-942793C5EB5D}"
EndProject
Project("{FAE04EC0-301F-11D3-BF4B-00C04F79EFBC}") = "UZUSIS.Core", "src\UZUSIS.Core\UZUSIS.Core.csproj", "{DB7F51F1-CEA4-416D-BFEF-83399B98ECA1}"
EndProject
Project("{FAE04EC0-301F-11D3-BF4B-00C04F79EFBC}") = "UZUSIS.Domain", "src\UZUSIS.Domain\UZUSIS.Domain.csproj", "{D17F9400-B1E0-4CC0-BFC4-08E618AB4E6A}"
EndProject
Project("{FAE04EC0-301F-11D3-BF4B-00C04F79EFBC}") = "UZUSIS.Infra.Data", "src\UZUSIS.Infra.Data\UZUSIS.Infra.Data.csproj", "{C7A60AB9-5D54-4F99-ADE2-03922E3EE15C}"
EndProject
Global
	GlobalSection(SolutionConfigurationPlatforms) = preSolution
		Debug|Any CPU = Debug|Any CPU
		Release|Any CPU = Release|Any CPU
	EndGlobalSection
	GlobalSection(SolutionProperties) = preSolution
		HideSolutionNode = FALSE
	EndGlobalSection
	GlobalSection(ProjectConfigurationPlatforms) = postSolution
		{30799725-2A64-4F03-9D55-3D6E98AE80F5}.Debug|Any CPU.ActiveCfg = Debug|Any CPU
		{30799725-2A64-4F03-9D55-3D6E98AE80F5}.Debug|Any CPU.Build.0 = Debug|Any CPU
		{30799725-2A64-4F03-9D55-3D6E98AE80F5}.Release|Any CPU.ActiveCfg = Release|Any CPU
		{30799725-2A64-4F03-9D55-3D6E98AE80F5}.Release|Any CPU.Build.0 = Release|Any CPU
		{2249A1EC-C61B-47DF-BEE9-942793C5EB5D}.Debug|Any CPU.ActiveCfg = Debug|Any CPU
		{2249A1EC-C61B-47DF-BEE9-942793C5EB5D}.Debug|Any CPU.Build.0 = Debug|Any CPU
		{2249A1EC-C61B-47DF-BEE9-942793C5EB5D}.Release|Any CPU.ActiveCfg = Release|Any CPU
		{2249A1EC-C61B-47DF-BEE9-942793C5EB5D}.Release|Any CPU.Build.0 = Release|Any CPU
		{DB7F51F1-CEA4-416D-BFEF-83399B98ECA1}.Debug|Any CPU.ActiveCfg = Debug|Any CPU
		{DB7F51F1-CEA4-416D-BFEF-83399B98ECA1}.Debug|Any CPU.Build.0 = Debug|Any CPU
		{DB7F51F1-CEA4-416D-BFEF-83399B98ECA1}.Release|Any CPU.ActiveCfg = Release|Any CPU
		{DB7F51F1-CEA4-416D-BFEF-83399B98ECA1}.Release|Any CPU.Build.0 = Release|Any CPU
		{D17F9400-B1E0-4CC0-BFC4-08E618AB4E6A}.Debug|Any CPU.ActiveCfg = Debug|Any CPU
		{D17F9400-B1E0-4CC0-BFC4-08E618AB4E6A}.Debug|Any CPU.Build.0 = Debug|Any CPU
		{D17F9400-B1E0-4CC0-BFC4-08E618AB4E6A}.Release|Any CPU.ActiveCfg = Release|Any CPU
		{D17F9400-B1E0-4CC0-BFC4-08E618AB4E6A}.Release|Any CPU.Build.0 = Release|Any CPU
		{C7A60AB9-5D54-4F99-ADE2-03922E3EE15C}.Debug|Any CPU.ActiveCfg = Debug|Any CPU
		{C7A60AB9-5D54-4F99-ADE2-03922E3EE15C}.Debug|Any CPU.Build.0 = Debug|Any CPU
		{C7A60AB9-5D54-4F99-ADE2-03922E3EE15C}.Release|Any CPU.ActiveCfg = Release|Any CPU
		{C7A60AB9-5D54-4F99-ADE2-03922E3EE15C}.Release|Any CPU.Build.0 = Release|Any CPU
	EndGlobalSection
	GlobalSection(NestedProjects) = preSolution
		{30799725-2A64-4F03-9D55-3D6E98AE80F5} = {D55B6FCD-89EA-4CCC-BD4D-88287F6092F0}
		{2249A1EC-C61B-47DF-BEE9-942793C5EB5D} = {D55B6FCD-89EA-4CCC-BD4D-88287F6092F0}
		{DB7F51F1-CEA4-416D-BFEF-83399B98ECA1} = {D55B6FCD-89EA-4CCC-BD4D-88287F6092F0}
		{D17F9400-B1E0-4CC0-BFC4-08E618AB4E6A} = {D55B6FCD-89EA-4CCC-BD4D-88287F6092F0}
		{C7A60AB9-5D54-4F99-ADE2-03922E3EE15C} = {D55B6FCD-89EA-4CCC-BD4D-88287F6092F0}
	EndGlobalSection
EndGlobal
